<?xml version="1.0" encoding="utf-8"?>
<Project ToolsVersion="4.0" xmlns="http://schemas.microsoft.com/developer/msbuild/2003">
  <ItemGroup>
    <ApplicationDefinition Include="App.xaml" />
  </ItemGroup>
  <ItemGroup>
    <Page Include="MainWindow.xaml" />
    <Page Include="TestPage1.xaml" />
    <Page Include="TestPage2.xaml" />
    <Page Include="TestPage3.xaml" />
  </ItemGroup>
  <ItemGroup>
    <Midl Include="App.idl" />
    <Midl Include="MainWindow.idl" />
    <Midl Include="RepositoryItem.idl" />
    <Midl Include="RepositoryViewModel.idl" />
  </ItemGroup>
  <ItemGroup>
    <ClCompile Include="pch.cpp" />
    <ClCompile Include="$(GeneratedFilesDir)module.g.cpp" />
    <ClCompile Include="StepTimer.cpp" />
    <ClCompile Include="DeviceProvider.cpp" />
    <ClCompile Include="DXGIProvider.cpp" />
    <ClCompile Include="RepositoryItem.cpp" />
    <ClCompile Include="RepositoryViewModel.cpp" />
  </ItemGroup>
  <ItemGroup>
    <ClInclude Include="pch.h" />
    <ClInclude Include="StepTimer.h" />
    <ClInclude Include="DeviceProvider.h" />
    <ClInclude Include="DXGIProvider.h" />
    <ClInclude Include="winrt_fmt_helper.hpp" />
    <ClInclude Include="RepositoryItem.h" />
    <ClInclude Include="RepositoryViewModel.h" />
  </ItemGroup>
  <ItemGroup>
    <Image Include="Assets\Wide310x150Logo.scale-200.png">
      <Filter>Assets</Filter>
    </Image>
    <Image Include="Assets\StoreLogo.png">
      <Filter>Assets</Filter>
    </Image>
    <Image Include="Assets\Square150x150Logo.scale-200.png">
      <Filter>Assets</Filter>
    </Image>
    <Image Include="Assets\Square44x44Logo.targetsize-24_altform-unplated.png">
      <Filter>Assets</Filter>
    </Image>
    <Image Include="Assets\Square44x44Logo.scale-200.png">
      <Filter>Assets</Filter>
    </Image>
    <Image Include="Assets\SplashScreen.scale-200.png">
      <Filter>Assets</Filter>
    </Image>
    <Image Include="Assets\LockScreenLogo.scale-200.png">
      <Filter>Assets</Filter>
    </Image>
  </ItemGroup>
  <ItemGroup>
    <Filter Include="Assets">
      <UniqueIdentifier>{08233462-8612-4632-8951-604a21da289b}</UniqueIdentifier>
    </Filter>
  </ItemGroup>
  <ItemGroup>
    <Manifest Include="app.manifest" />
  </ItemGroup>
  <ItemGroup>
    <AppxManifest Include="Package.appxmanifest" />
  </ItemGroup>
  <ItemGroup>
    <None Include="packages.config" />
  </ItemGroup>
  <ItemGroup>
    <FxCompile Include="Assets\QuadPixelShaderNV12.hlsl">
      <Filter>Assets</Filter>
    </FxCompile>
    <FxCompile Include="Assets\QuadPixelShaderRGB.hlsl">
      <Filter>Assets</Filter>
    </FxCompile>
    <FxCompile Include="Assets\QuadVertexShader.hlsl">
      <Filter>Assets</Filter>
    </FxCompile>
  </ItemGroup>
</Project>